// !$*UTF8*$!
{
	archiveVersion = 1;
	classes = {
	};
	objectVersion = 56;
	objects = {

/* Begin PBXBuildFile section */
		200FE1ED2B7B9CC9006A3AA0 /* User.swift in Sources */ = {isa = PBXBuildFile; fileRef = 200FE1EC2B7B9CC9006A3AA0 /* User.swift */; };
		20412FBE2B78EAF000B487A7 /* AppDelegate.swift in Sources */ = {isa = PBXBuildFile; fileRef = 20412FBD2B78EAF000B487A7 /* AppDelegate.swift */; };
		20412FC02B78EAF000B487A7 /* SceneDelegate.swift in Sources */ = {isa = PBXBuildFile; fileRef = 20412FBF2B78EAF000B487A7 /* SceneDelegate.swift */; };
		20412FC22B78EAF000B487A7 /* LogInViewController.swift in Sources */ = {isa = PBXBuildFile; fileRef = 20412FC12B78EAF000B487A7 /* LogInViewController.swift */; };
		20412FC52B78EAF000B487A7 /* Main.storyboard in Resources */ = {isa = PBXBuildFile; fileRef = 20412FC32B78EAF000B487A7 /* Main.storyboard */; };
		20412FC72B78EAF100B487A7 /* Assets.xcassets in Resources */ = {isa = PBXBuildFile; fileRef = 20412FC62B78EAF100B487A7 /* Assets.xcassets */; };
		20412FCA2B78EAF100B487A7 /* LaunchScreen.storyboard in Resources */ = {isa = PBXBuildFile; fileRef = 20412FC82B78EAF100B487A7 /* LaunchScreen.storyboard */; };
		20412FD22B791EB700B487A7 /* WelcomeViewController.swift in Sources */ = {isa = PBXBuildFile; fileRef = 20412FD12B791EB700B487A7 /* WelcomeViewController.swift */; };
		207FDB682B7D0D7B0012FBC9 /* TabBarController.swift in Sources */ = {isa = PBXBuildFile; fileRef = 207FDB672B7D0D7B0012FBC9 /* TabBarController.swift */; };
		20ABFA242B7BD61600DA9959 /* AboutMeViewController.swift in Sources */ = {isa = PBXBuildFile; fileRef = 20ABFA232B7BD61600DA9959 /* AboutMeViewController.swift */; };
		20BF31C62B7D2D4C00131FEA /* BioViewController.swift in Sources */ = {isa = PBXBuildFile; fileRef = 20BF31C52B7D2D4C00131FEA /* BioViewController.swift */; };
/* End PBXBuildFile section */

/* Begin PBXFileReference section */
		200FE1EC2B7B9CC9006A3AA0 /* User.swift */ = {isa = PBXFileReference; lastKnownFileType = sourcecode.swift; path = User.swift; sourceTree = "<group>"; };
		20412FBA2B78EAF000B487A7 /* AboutMe.app */ = {isa = PBXFileReference; explicitFileType = wrapper.application; includeInIndex = 0; path = AboutMe.app; sourceTree = BUILT_PRODUCTS_DIR; };
		20412FBD2B78EAF000B487A7 /* AppDelegate.swift */ = {isa = PBXFileReference; lastKnownFileType = sourcecode.swift; path = AppDelegate.swift; sourceTree = "<group>"; };
		20412FBF2B78EAF000B487A7 /* SceneDelegate.swift */ = {isa = PBXFileReference; lastKnownFileType = sourcecode.swift; path = SceneDelegate.swift; sourceTree = "<group>"; };
		20412FC12B78EAF000B487A7 /* LogInViewController.swift */ = {isa = PBXFileReference; lastKnownFileType = sourcecode.swift; path = LogInViewController.swift; sourceTree = "<group>"; };
		20412FC42B78EAF000B487A7 /* Base */ = {isa = PBXFileReference; lastKnownFileType = file.storyboard; name = Base; path = Base.lproj/Main.storyboard; sourceTree = "<group>"; };
		20412FC62B78EAF100B487A7 /* Assets.xcassets */ = {isa = PBXFileReference; lastKnownFileType = folder.assetcatalog; path = Assets.xcassets; sourceTree = "<group>"; };
		20412FC92B78EAF100B487A7 /* Base */ = {isa = PBXFileReference; lastKnownFileType = file.storyboard; name = Base; path = Base.lproj/LaunchScreen.storyboard; sourceTree = "<group>"; };
		20412FCB2B78EAF100B487A7 /* Info.plist */ = {isa = PBXFileReference; lastKnownFileType = text.plist.xml; path = Info.plist; sourceTree = "<group>"; };
		20412FD12B791EB700B487A7 /* WelcomeViewController.swift */ = {isa = PBXFileReference; lastKnownFileType = sourcecode.swift; path = WelcomeViewController.swift; sourceTree = "<group>"; };
		207FDB672B7D0D7B0012FBC9 /* TabBarController.swift */ = {isa = PBXFileReference; lastKnownFileType = sourcecode.swift; path = TabBarController.swift; sourceTree = "<group>"; };
		20ABFA232B7BD61600DA9959 /* AboutMeViewController.swift */ = {isa = PBXFileReference; lastKnownFileType = sourcecode.swift; path = AboutMeViewController.swift; sourceTree = "<group>"; };
		20BF31C52B7D2D4C00131FEA /* BioViewController.swift */ = {isa = PBXFileReference; lastKnownFileType = sourcecode.swift; path = BioViewController.swift; sourceTree = "<group>"; };
/* End PBXFileReference section */

/* Begin PBXFrameworksBuildPhase section */
		20412FB72B78EAF000B487A7 /* Frameworks */ = {
			isa = PBXFrameworksBuildPhase;
			buildActionMask = 2147483647;
			files = (
			);
			runOnlyForDeploymentPostprocessing = 0;
		};
/* End PBXFrameworksBuildPhase section */

/* Begin PBXGroup section */
		200FE1E62B7B9412006A3AA0 /* App */ = {
			isa = PBXGroup;
			children = (
				20412FBD2B78EAF000B487A7 /* AppDelegate.swift */,
				20412FBF2B78EAF000B487A7 /* SceneDelegate.swift */,
				20412FCB2B78EAF100B487A7 /* Info.plist */,
			);
			path = App;
			sourceTree = "<group>";
		};
		200FE1E72B7B941F006A3AA0 /* ViewControllers */ = {
			isa = PBXGroup;
			children = (
				20412FC12B78EAF000B487A7 /* LogInViewController.swift */,
				207FDB672B7D0D7B0012FBC9 /* TabBarController.swift */,
				20412FD12B791EB700B487A7 /* WelcomeViewController.swift */,
				20ABFA232B7BD61600DA9959 /* AboutMeViewController.swift */,
				20BF31C52B7D2D4C00131FEA /* BioViewController.swift */,
			);
			path = ViewControllers;
			sourceTree = "<group>";
		};
		200FE1E82B7B9479006A3AA0 /* Storyboards */ = {
			isa = PBXGroup;
			children = (
				20412FC32B78EAF000B487A7 /* Main.storyboard */,
				20412FC82B78EAF100B487A7 /* LaunchScreen.storyboard */,
			);
			path = Storyboards;
			sourceTree = "<group>";
		};
		200FE1EB2B7B9505006A3AA0 /* Models */ = {
			isa = PBXGroup;
			children = (
				200FE1EC2B7B9CC9006A3AA0 /* User.swift */,
			);
			path = Models;
			sourceTree = "<group>";
		};
		20412FB12B78EAF000B487A7 = {
			isa = PBXGroup;
			children = (
				20412FBC2B78EAF000B487A7 /* AboutMe */,
				20412FBB2B78EAF000B487A7 /* Products */,
			);
			sourceTree = "<group>";
		};
		20412FBB2B78EAF000B487A7 /* Products */ = {
			isa = PBXGroup;
			children = (
				20412FBA2B78EAF000B487A7 /* AboutMe.app */,
			);
			name = Products;
			sourceTree = "<group>";
		};
		20412FBC2B78EAF000B487A7 /* AboutMe */ = {
			isa = PBXGroup;
			children = (
				200FE1E72B7B941F006A3AA0 /* ViewControllers */,
				200FE1EB2B7B9505006A3AA0 /* Models */,
				200FE1E82B7B9479006A3AA0 /* Storyboards */,
				200FE1E62B7B9412006A3AA0 /* App */,
				20412FC62B78EAF100B487A7 /* Assets.xcassets */,
			);
			path = AboutMe;
			sourceTree = "<group>";
		};
/* End PBXGroup section */

/* Begin PBXNativeTarget section */
		20412FB92B78EAF000B487A7 /* AboutMe */ = {
			isa = PBXNativeTarget;
			buildConfigurationList = 20412FCE2B78EAF100B487A7 /* Build configuration list for PBXNativeTarget "AboutMe" */;
			buildPhases = (
				20412FB62B78EAF000B487A7 /* Sources */,
				20412FB72B78EAF000B487A7 /* Frameworks */,
				20412FB82B78EAF000B487A7 /* Resources */,
			);
			buildRules = (
			);
			dependencies = (
			);
			name = AboutMe;
			productName = AboutMe;
			productReference = 20412FBA2B78EAF000B487A7 /* AboutMe.app */;
			productType = "com.apple.product-type.application";
		};
/* End PBXNativeTarget section */

/* Begin PBXProject section */
		20412FB22B78EAF000B487A7 /* Project object */ = {
			isa = PBXProject;
			attributes = {
				BuildIndependentTargetsInParallel = 1;
				LastSwiftUpdateCheck = 1520;
				LastUpgradeCheck = 1520;
				TargetAttributes = {
					20412FB92B78EAF000B487A7 = {
						CreatedOnToolsVersion = 15.2;
					};
				};
			};
			buildConfigurationList = 20412FB52B78EAF000B487A7 /* Build configuration list for PBXProject "AboutMe" */;
			compatibilityVersion = "Xcode 14.0";
			developmentRegion = en;
			hasScannedForEncodings = 0;
			knownRegions = (
				en,
				Base,
			);
			mainGroup = 20412FB12B78EAF000B487A7;
			productRefGroup = 20412FBB2B78EAF000B487A7 /* Products */;
			projectDirPath = "";
			projectRoot = "";
			targets = (
				20412FB92B78EAF000B487A7 /* AboutMe */,
			);
		};
/* End PBXProject section */

/* Begin PBXResourcesBuildPhase section */
		20412FB82B78EAF000B487A7 /* Resources */ = {
			isa = PBXResourcesBuildPhase;
			buildActionMask = 2147483647;
			files = (
				20412FCA2B78EAF100B487A7 /* LaunchScreen.storyboard in Resources */,
				20412FC72B78EAF100B487A7 /* Assets.xcassets in Resources */,
				20412FC52B78EAF000B487A7 /* Main.storyboard in Resources */,
			);
			runOnlyForDeploymentPostprocessing = 0;
		};
/* End PBXResourcesBuildPhase section */

/* Begin PBXSourcesBuildPhase section */
		20412FB62B78EAF000B487A7 /* Sources */ = {
			isa = PBXSourcesBuildPhase;
			buildActionMask = 2147483647;
			files = (
				20412FC22B78EAF000B487A7 /* LogInViewController.swift in Sources */,
				207FDB682B7D0D7B0012FBC9 /* TabBarController.swift in Sources */,
				20412FD22B791EB700B487A7 /* WelcomeViewController.swift in Sources */,
				20ABFA242B7BD61600DA9959 /* AboutMeViewController.swift in Sources */,
				200FE1ED2B7B9CC9006A3AA0 /* User.swift in Sources */,
				20412FBE2B78EAF000B487A7 /* AppDelegate.swift in Sources */,
				20412FC02B78EAF000B487A7 /* SceneDelegate.swift in Sources */,
				20BF31C62B7D2D4C00131FEA /* BioViewController.swift in Sources */,
			);
			runOnlyForDeploymentPostprocessing = 0;
		};
/* End PBXSourcesBuildPhase section */

/* Begin PBXVariantGroup section */
		20412FC32B78EAF000B487A7 /* Main.storyboard */ = {
			isa = PBXVariantGroup;
			children = (
				20412FC42B78EAF000B487A7 /* Base */,
			);
			name = Main.storyboard;
			sourceTree = "<group>";
		};
		20412FC82B78EAF100B487A7 /* LaunchScreen.storyboard */ = {
			isa = PBXVariantGroup;
			children = (
				20412FC92B78EAF100B487A7 /* Base */,
			);
			name = LaunchScreen.storyboard;
			sourceTree = "<group>";
		};
/* End PBXVariantGroup section */

/* Begin XCBuildConfiguration section */
		20412FCC2B78EAF100B487A7 /* Debug */ = {
			isa = XCBuildConfiguration;
			buildSettings = {
				ALWAYS_SEARCH_USER_PATHS = NO;
				ASSETCATALOG_COMPILER_GENERATE_SWIFT_ASSET_SYMBOL_EXTENSIONS = YES;
				CLANG_ANALYZER_NONNULL = YES;
				CLANG_ANALYZER_NUMBER_OBJECT_CONVERSION = YES_AGGRESSIVE;
				CLANG_CXX_LANGUAGE_STANDARD = "gnu++20";
				CLANG_ENABLE_MODULES = YES;
				CLANG_ENABLE_OBJC_ARC = YES;
				CLANG_ENABLE_OBJC_WEAK = YES;
				CLANG_WARN_BLOCK_CAPTURE_AUTORELEASING = YES;
				CLANG_WARN_BOOL_CONVERSION = YES;
				CLANG_WARN_COMMA = YES;
				CLANG_WARN_CONSTANT_CONVERSION = YES;
				CLANG_WARN_DEPRECATED_OBJC_IMPLEMENTATIONS = YES;
				CLANG_WARN_DIRECT_OBJC_ISA_USAGE = YES_ERROR;
				CLANG_WARN_DOCUMENTATION_COMMENTS = YES;
				CLANG_WARN_EMPTY_BODY = YES;
				CLANG_WARN_ENUM_CONVERSION = YES;
				CLANG_WARN_INFINITE_RECURSION = YES;
				CLANG_WARN_INT_CONVERSION = YES;
				CLANG_WARN_NON_LITERAL_NULL_CONVERSION = YES;
				CLANG_WARN_OBJC_IMPLICIT_RETAIN_SELF = YES;
				CLANG_WARN_OBJC_LITERAL_CONVERSION = YES;
				CLANG_WARN_OBJC_ROOT_CLASS = YES_ERROR;
				CLANG_WARN_QUOTED_INCLUDE_IN_FRAMEWORK_HEADER = YES;
				CLANG_WARN_RANGE_LOOP_ANALYSIS = YES;
				CLANG_WARN_STRICT_PROTOTYPES = YES;
				CLANG_WARN_SUSPICIOUS_MOVE = YES;
				CLANG_WARN_UNGUARDED_AVAILABILITY = YES_AGGRESSIVE;
				CLANG_WARN_UNREACHABLE_CODE = YES;
				CLANG_WARN__DUPLICATE_METHOD_MATCH = YES;
				COPY_PHASE_STRIP = NO;
				DEBUG_INFORMATION_FORMAT = dwarf;
				ENABLE_STRICT_OBJC_MSGSEND = YES;
				ENABLE_TESTABILITY = YES;
				ENABLE_USER_SCRIPT_SANDBOXING = YES;
				GCC_C_LANGUAGE_STANDARD = gnu17;
				GCC_DYNAMIC_NO_PIC = NO;
				GCC_NO_COMMON_BLOCKS = YES;
				GCC_OPTIMIZATION_LEVEL = 0;
				GCC_PREPROCESSOR_DEFINITIONS = (
					"DEBUG=1",
					"$(inherited)",
				);
				GCC_WARN_64_TO_32_BIT_CONVERSION = YES;
				GCC_WARN_ABOUT_RETURN_TYPE = YES_ERROR;
				GCC_WARN_UNDECLARED_SELECTOR = YES;
				GCC_WARN_UNINITIALIZED_AUTOS = YES_AGGRESSIVE;
				GCC_WARN_UNUSED_FUNCTION = YES;
				GCC_WARN_UNUSED_VARIABLE = YES;
				IPHONEOS_DEPLOYMENT_TARGET = 17.2;
				LOCALIZATION_PREFERS_STRING_CATALOGS = YES;
				MTL_ENABLE_DEBUG_INFO = INCLUDE_SOURCE;
				MTL_FAST_MATH = YES;
				ONLY_ACTIVE_ARCH = YES;
				SDKROOT = iphoneos;
				SWIFT_ACTIVE_COMPILATION_CONDITIONS = "DEBUG $(inherited)";
				SWIFT_OPTIMIZATION_LEVEL = "-Onone";
			};
			name = Debug;
		};
		20412FCD2B78EAF100B487A7 /* Release */ = {
			isa = XCBuildConfiguration;
			buildSettings = {
				ALWAYS_SEARCH_USER_PATHS = NO;
				ASSETCATALOG_COMPILER_GENERATE_SWIFT_ASSET_SYMBOL_EXTENSIONS = YES;
				CLANG_ANALYZER_NONNULL = YES;
				CLANG_ANALYZER_NUMBER_OBJECT_CONVERSION = YES_AGGRESSIVE;
				CLANG_CXX_LANGUAGE_STANDARD = "gnu++20";
				CLANG_ENABLE_MODULES = YES;
				CLANG_ENABLE_OBJC_ARC = YES;
				CLANG_ENABLE_OBJC_WEAK = YES;
				CLANG_WARN_BLOCK_CAPTURE_AUTORELEASING = YES;
				CLANG_WARN_BOOL_CONVERSION = YES;
				CLANG_WARN_COMMA = YES;
				CLANG_WARN_CONSTANT_CONVERSION = YES;
				CLANG_WARN_DEPRECATED_OBJC_IMPLEMENTATIONS = YES;
				CLANG_WARN_DIRECT_OBJC_ISA_USAGE = YES_ERROR;
				CLANG_WARN_DOCUMENTATION_COMMENTS = YES;
				CLANG_WARN_EMPTY_BODY = YES;
				CLANG_WARN_ENUM_CONVERSION = YES;
				CLANG_WARN_INFINITE_RECURSION = YES;
				CLANG_WARN_INT_CONVERSION = YES;
				CLANG_WARN_NON_LITERAL_NULL_CONVERSION = YES;
				CLANG_WARN_OBJC_IMPLICIT_RETAIN_SELF = YES;
				CLANG_WARN_OBJC_LITERAL_CONVERSION = YES;
				CLANG_WARN_OBJC_ROOT_CLASS = YES_ERROR;
				CLANG_WARN_QUOTED_INCLUDE_IN_FRAMEWORK_HEADER = YES;
				CLANG_WARN_RANGE_LOOP_ANALYSIS = YES;
				CLANG_WARN_STRICT_PROTOTYPES = YES;
				CLANG_WARN_SUSPICIOUS_MOVE = YES;
				CLANG_WARN_UNGUARDED_AVAILABILITY = YES_AGGRESSIVE;
				CLANG_WARN_UNREACHABLE_CODE = YES;
				CLANG_WARN__DUPLICATE_METHOD_MATCH = YES;
				COPY_PHASE_STRIP = NO;
				DEBUG_INFORMATION_FORMAT = "dwarf-with-dsym";
				ENABLE_NS_ASSERTIONS = NO;
				ENABLE_STRICT_OBJC_MSGSEND = YES;
				ENABLE_USER_SCRIPT_SANDBOXING = YES;
				GCC_C_LANGUAGE_STANDARD = gnu17;
				GCC_NO_COMMON_BLOCKS = YES;
				GCC_WARN_64_TO_32_BIT_CONVERSION = YES;
				GCC_WARN_ABOUT_RETURN_TYPE = YES_ERROR;
				GCC_WARN_UNDECLARED_SELECTOR = YES;
				GCC_WARN_UNINITIALIZED_AUTOS = YES_AGGRESSIVE;
				GCC_WARN_UNUSED_FUNCTION = YES;
				GCC_WARN_UNUSED_VARIABLE = YES;
				IPHONEOS_DEPLOYMENT_TARGET = 17.2;
				LOCALIZATION_PREFERS_STRING_CATALOGS = YES;
				MTL_ENABLE_DEBUG_INFO = NO;
				MTL_FAST_MATH = YES;
				SDKROOT = iphoneos;
				SWIFT_COMPILATION_MODE = wholemodule;
				VALIDATE_PRODUCT = YES;
			};
			name = Release;
		};
		20412FCF2B78EAF100B487A7 /* Debug */ = {
			isa = XCBuildConfiguration;
			buildSettings = {
				ASSETCATALOG_COMPILER_APPICON_NAME = AppIcon;
				ASSETCATALOG_COMPILER_GLOBAL_ACCENT_COLOR_NAME = AccentColor;
				CODE_SIGN_STYLE = Automatic;
				CURRENT_PROJECT_VERSION = 1;
				GENERATE_INFOPLIST_FILE = YES;
				INFOPLIST_FILE = AboutMe/App/Info.plist;
				INFOPLIST_KEY_UIApplicationSupportsIndirectInputEvents = YES;
				INFOPLIST_KEY_UILaunchStoryboardName = LaunchScreen;
				INFOPLIST_KEY_UIMainStoryboardFile = Main;
				INFOPLIST_KEY_UISupportedInterfaceOrientations = UIInterfaceOrientationPortrait;
				INFOPLIST_KEY_UISupportedInterfaceOrientations_iPad = "UIInterfaceOrientationLandscapeLeft UIInterfaceOrientationLandscapeRight UIInterfaceOrientationPortrait UIInterfaceOrientationPortraitUpsideDown";
				LD_RUNPATH_SEARCH_PATHS = (
					"$(inherited)",
					"@executable_path/Frameworks",
				);
				MARKETING_VERSION = 1.0;
				PRODUCT_BUNDLE_IDENTIFIER = KobelevaDaria.AboutMe;
				PRODUCT_NAME = "$(TARGET_NAME)";
				SUPPORTED_PLATFORMS = "iphoneos iphonesimulator";
				SUPPORTS_MACCATALYST = NO;
				SUPPORTS_MAC_DESIGNED_FOR_IPHONE_IPAD = NO;
				SUPPORTS_XR_DESIGNED_FOR_IPHONE_IPAD = NO;
				SWIFT_EMIT_LOC_STRINGS = YES;
				SWIFT_VERSION = 5.0;
				TARGETED_DEVICE_FAMILY = 1;
			};
			name = Debug;
		};
		20412FD02B78EAF100B487A7 /* Release */ = {
			isa = XCBuildConfiguration;
			buildSettings = {
				ASSETCATALOG_COMPILER_APPICON_NAME = AppIcon;
				ASSETCATALOG_COMPILER_GLOBAL_ACCENT_COLOR_NAME = AccentColor;
				CODE_SIGN_STYLE = Automatic;
				CURRENT_PROJECT_VERSION = 1;
				GENERATE_INFOPLIST_FILE = YES;
				INFOPLIST_FILE = AboutMe/App/Info.plist;
				INFOPLIST_KEY_UIApplicationSupportsIndirectInputEvents = YES;
				INFOPLIST_KEY_UILaunchStoryboardName = LaunchScreen;
				INFOPLIST_KEY_UIMainStoryboardFile = Main;
				INFOPLIST_KEY_UISupportedInterfaceOrientations = UIInterfaceOrientationPortrait;
				INFOPLIST_KEY_UISupportedInterfaceOrientations_iPad = "UIInterfaceOrientationLandscapeLeft UIInterfaceOrientationLandscapeRight UIInterfaceOrientationPortrait UIInterfaceOrientationPortraitUpsideDown";
				LD_RUNPATH_SEARCH_PATHS = (
					"$(inherited)",
					"@executable_path/Frameworks",
				);
				MARKETING_VERSION = 1.0;
				PRODUCT_BUNDLE_IDENTIFIER = KobelevaDaria.AboutMe;
				PRODUCT_NAME = "$(TARGET_NAME)";
				SUPPORTED_PLATFORMS = "iphoneos iphonesimulator";
				SUPPORTS_MACCATALYST = NO;
				SUPPORTS_MAC_DESIGNED_FOR_IPHONE_IPAD = NO;
				SUPPORTS_XR_DESIGNED_FOR_IPHONE_IPAD = NO;
				SWIFT_EMIT_LOC_STRINGS = YES;
				SWIFT_VERSION = 5.0;
				TARGETED_DEVICE_FAMILY = 1;
			};
			name = Release;
		};
/* End XCBuildConfiguration section */

/* Begin XCConfigurationList section */
		20412FB52B78EAF000B487A7 /* Build configuration list for PBXProject "AboutMe" */ = {
			isa = XCConfigurationList;
			buildConfigurations = (
				20412FCC2B78EAF100B487A7 /* Debug */,
				20412FCD2B78EAF100B487A7 /* Release */,
			);
			defaultConfigurationIsVisible = 0;
			defaultConfigurationName = Release;
		};
		20412FCE2B78EAF100B487A7 /* Build configuration list for PBXNativeTarget "AboutMe" */ = {
			isa = XCConfigurationList;
			buildConfigurations = (
				20412FCF2B78EAF100B487A7 /* Debug */,
				20412FD02B78EAF100B487A7 /* Release */,
			);
			defaultConfigurationIsVisible = 0;
			defaultConfigurationName = Release;
		};
/* End XCConfigurationList section */
	};
	rootObject = 20412FB22B78EAF000B487A7 /* Project object */;
}
